
Microsoft Visual Studio Solution File, Format Version 12.00
# Visual Studio Version 16
VisualStudioVersion = 16.0.28803.156
MinimumVisualStudioVersion = 10.0.40219.1
Project("{8BC9CEB8-8B4A-11D0-8D11-00A0C91BC942}") = "tetris", "tetris\tetris.vcxproj", "{E1736DC3-4BB2-4659-BD84-EB04E3B57AB4}"
EndProject
Global
	GlobalSection(SolutionConfigurationPlatforms) = preSolution
		Debug|x64 = Debug|x64
		Debug|x86 = Debug|x86
		Release|x64 = Release|x64
		Release|x86 = Release|x86
	EndGlobalSection
	GlobalSection(ProjectConfigurationPlatforms) = postSolution
		{E1736DC3-4BB2-4659-BD84-EB04E3B57AB4}.Debug|x64.ActiveCfg = Debug|x64
		{E1736DC3-4BB2-4659-BD84-EB04E3B57AB4}.Debug|x64.Build.0 = Debug|x64
		{E1736DC3-4BB2-4659-BD84-EB04E3B57AB4}.Debug|x86.ActiveCfg = Debug|Win32
		{E1736DC3-4BB2-4659-BD84-EB04E3B57AB4}.Debug|x86.Build.0 = Debug|Win32
		{E1736DC3-4BB2-4659-BD84-EB04E3B57AB4}.Release|x64.ActiveCfg = Release|x64
		{E1736DC3-4BB2-4659-BD84-EB04E3B57AB4}.Release|x64.Build.0 = Release|x64
		{E1736DC3-4BB2-4659-BD84-EB04E3B57AB4}.Release|x86.ActiveCfg = Release|Win32
		{E1736DC3-4BB2-4659-BD84-EB04E3B57AB4}.Release|x86.Build.0 = Release|Win32
	EndGlobalSection
	GlobalSection(SolutionProperties) = preSolution
		HideSolutionNode = FALSE
	EndGlobalSection
	GlobalSection(ExtensibilityGlobals) = postSolution
		SolutionGuid = {FC38819A-A35B-4FC3-83C4-F36B84F3CCEB}
	EndGlobalSection
EndGlobal
